
Microsoft Visual Studio Solution File, Format Version 12.00
# Visual Studio Version 17
VisualStudioVersion = 17.2.32630.192
MinimumVisualStudioVersion = 10.0.40219.1
Project("{FAE04EC0-301F-11D3-BF4B-00C04F79EFBC}") = "Skipper", "Skipper\Skipper.csproj", "{3EE51D05-C078-4252-BC28-C55C14892AAA}"
EndProject
Global
	GlobalSection(SolutionConfigurationPlatforms) = preSolution
		Debug|Any CPU = Debug|Any CPU
		Release|Any CPU = Release|Any CPU
	EndGlobalSection
	GlobalSection(ProjectConfigurationPlatforms) = postSolution
		{3EE51D05-C078-4252-BC28-C55C14892AAA}.Debug|Any CPU.ActiveCfg = Debug|Any CPU
		{3EE51D05-C078-4252-BC28-C55C14892AAA}.Debug|Any CPU.Build.0 = Debug|Any CPU
		{3EE51D05-C078-4252-BC28-C55C14892AAA}.Release|Any CPU.ActiveCfg = Release|Any CPU
		{3EE51D05-C078-4252-BC28-C55C14892AAA}.Release|Any CPU.Build.0 = Release|Any CPU
	EndGlobalSection
	GlobalSection(SolutionProperties) = preSolution
		HideSolutionNode = FALSE
	EndGlobalSection
	GlobalSection(ExtensibilityGlobals) = postSolution
		SolutionGuid = {326A0B4F-FF81-4F26-AA9E-05D73F3B8B24}
	EndGlobalSection
EndGlobal
